
Microsoft Visual Studio Solution File, Format Version 12.00
# Visual Studio Version 16
VisualStudioVersion = 16.0.37327.17
MinimumVisualStudioVersion = 10.0.40219.1
Project("{8BC9CEB8-8B4A-11D0-8D11-00A0C91BC942}") = "MultiLineCommentsChallenge", "MultiLineCommentsChallenge\MultiLineCommentsChallenge.vcxproj", "{6D14B353-3D18-4861-BE26-52DA5D62F3CD}"
EndProject
Global
	GlobalSection(SolutionConfigurationPlatforms) = preSolution
		Debug|x64 = Debug|x64
		Debug|x86 = Debug|x86
		Release|x64 = Release|x64
		Release|x86 = Release|x86
	EndGlobalSection
	GlobalSection(ProjectConfigurationPlatforms) = postSolution
		{6D14B353-3D18-4861-BE26-52DA5D62F3CD}.Debug|x64.ActiveCfg = Debug|x64
		{6D14B353-3D18-4861-BE26-52DA5D62F3CD}.Debug|x64.Build.0 = Debug|x64
		{6D14B353-3D18-4861-BE26-52DA5D62F3CD}.Debug|x86.ActiveCfg = Debug|Win32
		{6D14B353-3D18-4861-BE26-52DA5D62F3CD}.Debug|x86.Build.0 = Debug|Win32
		{6D14B353-3D18-4861-BE26-52DA5D62F3CD}.Release|x64.ActiveCfg = Release|x64
		{6D14B353-3D18-4861-BE26-52DA5D62F3CD}.Release|x64.Build.0 = Release|x64
		{6D14B353-3D18-4861-BE26-52DA5D62F3CD}.Release|x86.ActiveCfg = Release|Win32
		{6D14B353-3D18-4861-BE26-52DA5D62F3CD}.Release|x86.Build.0 = Release|Win32
	EndGlobalSection
	GlobalSection(SolutionProperties) = preSolution
		HideSolutionNode = FALSE
	EndGlobalSection
	GlobalSection(ExtensibilityGlobals) = postSolution
		SolutionGuid = {74AF097F-7AF4-4492-929C-92FAC248F5C1}
	EndGlobalSection
EndGlobal
