
Microsoft Visual Studio Solution File, Format Version 12.00
# Visual Studio Version 16
VisualStudioVersion = 16.0.37327.17
MinimumVisualStudioVersion = 10.0.40219.1
Project("{8BC9CEB8-8B4A-11D0-8D11-00A0C91BC942}") = "CppOutputChallenge", "CppOutputChallenge\CppOutputChallenge.vcxproj", "{1334E1F0-5F76-482E-9AD3-5477E77EE606}"
EndProject
Global
	GlobalSection(SolutionConfigurationPlatforms) = preSolution
		Debug|x64 = Debug|x64
		Debug|x86 = Debug|x86
		Release|x64 = Release|x64
		Release|x86 = Release|x86
	EndGlobalSection
	GlobalSection(ProjectConfigurationPlatforms) = postSolution
		{1334E1F0-5F76-482E-9AD3-5477E77EE606}.Debug|x64.ActiveCfg = Debug|x64
		{1334E1F0-5F76-482E-9AD3-5477E77EE606}.Debug|x64.Build.0 = Debug|x64
		{1334E1F0-5F76-482E-9AD3-5477E77EE606}.Debug|x86.ActiveCfg = Debug|Win32
		{1334E1F0-5F76-482E-9AD3-5477E77EE606}.Debug|x86.Build.0 = Debug|Win32
		{1334E1F0-5F76-482E-9AD3-5477E77EE606}.Release|x64.ActiveCfg = Release|x64
		{1334E1F0-5F76-482E-9AD3-5477E77EE606}.Release|x64.Build.0 = Release|x64
		{1334E1F0-5F76-482E-9AD3-5477E77EE606}.Release|x86.ActiveCfg = Release|Win32
		{1334E1F0-5F76-482E-9AD3-5477E77EE606}.Release|x86.Build.0 = Release|Win32
	EndGlobalSection
	GlobalSection(SolutionProperties) = preSolution
		HideSolutionNode = FALSE
	EndGlobalSection
	GlobalSection(ExtensibilityGlobals) = postSolution
		SolutionGuid = {ACF6252B-37D2-4510-80D3-BB739B3B1C58}
	EndGlobalSection
EndGlobal
