
Microsoft Visual Studio Solution File, Format Version 12.00
# Visual Studio Version 16
VisualStudioVersion = 16.0.37327.17
MinimumVisualStudioVersion = 10.0.40219.1
Project("{8BC9CEB8-8B4A-11D0-8D11-00A0C91BC942}") = "CalculatorTutorial", "CalculatorTutorial\CalculatorTutorial.vcxproj", "{99798FD9-0A92-43CC-8783-E6623967C663}"
EndProject
Global
	GlobalSection(SolutionConfigurationPlatforms) = preSolution
		Debug|x64 = Debug|x64
		Debug|x86 = Debug|x86
		Release|x64 = Release|x64
		Release|x86 = Release|x86
	EndGlobalSection
	GlobalSection(ProjectConfigurationPlatforms) = postSolution
		{99798FD9-0A92-43CC-8783-E6623967C663}.Debug|x64.ActiveCfg = Debug|x64
		{99798FD9-0A92-43CC-8783-E6623967C663}.Debug|x64.Build.0 = Debug|x64
		{99798FD9-0A92-43CC-8783-E6623967C663}.Debug|x86.ActiveCfg = Debug|Win32
		{99798FD9-0A92-43CC-8783-E6623967C663}.Debug|x86.Build.0 = Debug|Win32
		{99798FD9-0A92-43CC-8783-E6623967C663}.Release|x64.ActiveCfg = Release|x64
		{99798FD9-0A92-43CC-8783-E6623967C663}.Release|x64.Build.0 = Release|x64
		{99798FD9-0A92-43CC-8783-E6623967C663}.Release|x86.ActiveCfg = Release|Win32
		{99798FD9-0A92-43CC-8783-E6623967C663}.Release|x86.Build.0 = Release|Win32
	EndGlobalSection
	GlobalSection(SolutionProperties) = preSolution
		HideSolutionNode = FALSE
	EndGlobalSection
	GlobalSection(ExtensibilityGlobals) = postSolution
		SolutionGuid = {EEE39EBF-BF18-4028-853C-6F901034C142}
	EndGlobalSection
EndGlobal
