
Microsoft Visual Studio Solution File, Format Version 12.00
# Visual Studio Version 16
VisualStudioVersion = 16.0.37327.17
MinimumVisualStudioVersion = 10.0.40219.1
Project("{8BC9CEB8-8B4A-11D0-8D11-00A0C91BC942}") = "DereferenceOperatorChallenge", "DereferenceOperatorChallenge\DereferenceOperatorChallenge.vcxproj", "{3D4DF3CF-6DA3-482F-A8E6-C594B55B4FFF}"
EndProject
Global
	GlobalSection(SolutionConfigurationPlatforms) = preSolution
		Debug|x64 = Debug|x64
		Debug|x86 = Debug|x86
		Release|x64 = Release|x64
		Release|x86 = Release|x86
	EndGlobalSection
	GlobalSection(ProjectConfigurationPlatforms) = postSolution
		{3D4DF3CF-6DA3-482F-A8E6-C594B55B4FFF}.Debug|x64.ActiveCfg = Debug|x64
		{3D4DF3CF-6DA3-482F-A8E6-C594B55B4FFF}.Debug|x64.Build.0 = Debug|x64
		{3D4DF3CF-6DA3-482F-A8E6-C594B55B4FFF}.Debug|x86.ActiveCfg = Debug|Win32
		{3D4DF3CF-6DA3-482F-A8E6-C594B55B4FFF}.Debug|x86.Build.0 = Debug|Win32
		{3D4DF3CF-6DA3-482F-A8E6-C594B55B4FFF}.Release|x64.ActiveCfg = Release|x64
		{3D4DF3CF-6DA3-482F-A8E6-C594B55B4FFF}.Release|x64.Build.0 = Release|x64
		{3D4DF3CF-6DA3-482F-A8E6-C594B55B4FFF}.Release|x86.ActiveCfg = Release|Win32
		{3D4DF3CF-6DA3-482F-A8E6-C594B55B4FFF}.Release|x86.Build.0 = Release|Win32
	EndGlobalSection
	GlobalSection(SolutionProperties) = preSolution
		HideSolutionNode = FALSE
	EndGlobalSection
	GlobalSection(ExtensibilityGlobals) = postSolution
		SolutionGuid = {7141CA37-F9AE-4DCC-B43E-D0AD03BCDB40}
	EndGlobalSection
EndGlobal
